
Microsoft Visual Studio Solution File, Format Version 12.00
# Visual Studio Version 16
VisualStudioVersion = 16.0.30309.148
MinimumVisualStudioVersion = 10.0.40219.1
Project("{9A19103F-16F7-4668-BE54-9A1E7A4F7556}") = "MathDotNETTests", "Math.NETTests\MathDotNETTests.csproj", "{DEC8215E-9C84-430B-8A73-777266DA2F6D}"
EndProject
Project("{9A19103F-16F7-4668-BE54-9A1E7A4F7556}") = "MathDotNET.LinearAlgebra", "Math.NET_LinearAlgebra\MathDotNET.LinearAlgebra.csproj", "{D396FEAD-F85C-4BFD-8179-B79660F5E89F}"
EndProject
Project("{9A19103F-16F7-4668-BE54-9A1E7A4F7556}") = "MathDotNet.Random", "Math.Net_Random\MathDotNet.Random.csproj", "{C1FF2902-AC06-44FB-A1D4-F3D8CF55091A}"
EndProject
Project("{9A19103F-16F7-4668-BE54-9A1E7A4F7556}") = "MathDotNet.NumericalOptimizer", "Math.NET_NumericalOptimizer\MathDotNet.NumericalOptimizer.csproj", "{D3FE5071-5ED4-4956-9144-79631A97F8A8}"
	ProjectSection(ProjectDependencies) = postProject
		{D396FEAD-F85C-4BFD-8179-B79660F5E89F} = {D396FEAD-F85C-4BFD-8179-B79660F5E89F}
	EndProjectSection
EndProject
Global
	GlobalSection(SolutionConfigurationPlatforms) = preSolution
		Debug|Any CPU = Debug|Any CPU
		Release|Any CPU = Release|Any CPU
	EndGlobalSection
	GlobalSection(ProjectConfigurationPlatforms) = postSolution
		{DEC8215E-9C84-430B-8A73-777266DA2F6D}.Debug|Any CPU.ActiveCfg = Debug|Any CPU
		{DEC8215E-9C84-430B-8A73-777266DA2F6D}.Debug|Any CPU.Build.0 = Debug|Any CPU
		{DEC8215E-9C84-430B-8A73-777266DA2F6D}.Release|Any CPU.ActiveCfg = Release|Any CPU
		{DEC8215E-9C84-430B-8A73-777266DA2F6D}.Release|Any CPU.Build.0 = Release|Any CPU
		{D396FEAD-F85C-4BFD-8179-B79660F5E89F}.Debug|Any CPU.ActiveCfg = Debug|Any CPU
		{D396FEAD-F85C-4BFD-8179-B79660F5E89F}.Debug|Any CPU.Build.0 = Debug|Any CPU
		{D396FEAD-F85C-4BFD-8179-B79660F5E89F}.Release|Any CPU.ActiveCfg = Release|Any CPU
		{D396FEAD-F85C-4BFD-8179-B79660F5E89F}.Release|Any CPU.Build.0 = Release|Any CPU
		{C1FF2902-AC06-44FB-A1D4-F3D8CF55091A}.Debug|Any CPU.ActiveCfg = Debug|Any CPU
		{C1FF2902-AC06-44FB-A1D4-F3D8CF55091A}.Debug|Any CPU.Build.0 = Debug|Any CPU
		{C1FF2902-AC06-44FB-A1D4-F3D8CF55091A}.Release|Any CPU.ActiveCfg = Release|Any CPU
		{C1FF2902-AC06-44FB-A1D4-F3D8CF55091A}.Release|Any CPU.Build.0 = Release|Any CPU
		{D3FE5071-5ED4-4956-9144-79631A97F8A8}.Debug|Any CPU.ActiveCfg = Debug|Any CPU
		{D3FE5071-5ED4-4956-9144-79631A97F8A8}.Debug|Any CPU.Build.0 = Debug|Any CPU
		{D3FE5071-5ED4-4956-9144-79631A97F8A8}.Release|Any CPU.ActiveCfg = Release|Any CPU
		{D3FE5071-5ED4-4956-9144-79631A97F8A8}.Release|Any CPU.Build.0 = Release|Any CPU
	EndGlobalSection
	GlobalSection(SolutionProperties) = preSolution
		HideSolutionNode = FALSE
	EndGlobalSection
	GlobalSection(ExtensibilityGlobals) = postSolution
		SolutionGuid = {5B1D6016-E3CC-48FF-B9DF-16ABEF48B8FC}
	EndGlobalSection
EndGlobal
