
Microsoft Visual Studio Solution File, Format Version 12.00
# Visual Studio Version 16
VisualStudioVersion = 16.0.30309.148
MinimumVisualStudioVersion = 10.0.40219.1
Project("{9A19103F-16F7-4668-BE54-9A1E7A4F7556}") = "MathDotNET.LinearAlgebra", "Math.NET\MathDotNET.LinearAlgebra.csproj", "{281933A4-2B3C-456B-8AE2-3E23ED8B478B}"
EndProject
Project("{9A19103F-16F7-4668-BE54-9A1E7A4F7556}") = "MathDotNETTests", "Math.NETTests\MathDotNETTests.csproj", "{DEC8215E-9C84-430B-8A73-777266DA2F6D}"
EndProject
Global
	GlobalSection(SolutionConfigurationPlatforms) = preSolution
		Debug|Any CPU = Debug|Any CPU
		Release|Any CPU = Release|Any CPU
	EndGlobalSection
	GlobalSection(ProjectConfigurationPlatforms) = postSolution
		{281933A4-2B3C-456B-8AE2-3E23ED8B478B}.Debug|Any CPU.ActiveCfg = Debug|Any CPU
		{281933A4-2B3C-456B-8AE2-3E23ED8B478B}.Debug|Any CPU.Build.0 = Debug|Any CPU
		{281933A4-2B3C-456B-8AE2-3E23ED8B478B}.Release|Any CPU.ActiveCfg = Release|Any CPU
		{281933A4-2B3C-456B-8AE2-3E23ED8B478B}.Release|Any CPU.Build.0 = Release|Any CPU
		{DEC8215E-9C84-430B-8A73-777266DA2F6D}.Debug|Any CPU.ActiveCfg = Debug|Any CPU
		{DEC8215E-9C84-430B-8A73-777266DA2F6D}.Debug|Any CPU.Build.0 = Debug|Any CPU
		{DEC8215E-9C84-430B-8A73-777266DA2F6D}.Release|Any CPU.ActiveCfg = Release|Any CPU
		{DEC8215E-9C84-430B-8A73-777266DA2F6D}.Release|Any CPU.Build.0 = Release|Any CPU
	EndGlobalSection
	GlobalSection(SolutionProperties) = preSolution
		HideSolutionNode = FALSE
	EndGlobalSection
	GlobalSection(ExtensibilityGlobals) = postSolution
		SolutionGuid = {5B1D6016-E3CC-48FF-B9DF-16ABEF48B8FC}
	EndGlobalSection
EndGlobal
